
Microsoft Visual Studio Solution File, Format Version 12.00
# Visual Studio Version 17
VisualStudioVersion = 17.8.34330.188
MinimumVisualStudioVersion = 10.0.40219.1
Project("{FAE04EC0-301F-11D3-BF4B-00C04F79EFBC}") = "MG.PoSHTypes", "MG.PoSHTypes\MG.PoSHTypes.csproj", "{D105EF59-5BD0-4E7A-8318-1A17710A492F}"
EndProject
Project("{9A19103F-16F7-4668-BE54-9A1E7A4F7556}") = "MG.PoSHTypes-Core", "MG.PoSHTypes-Core\MG.PoSHTypes-Core.csproj", "{1E7CCBEB-7559-48DE-9EA3-5FA2B7FFDFA8}"
EndProject
Project("{FAE04EC0-301F-11D3-BF4B-00C04F79EFBC}") = "MG.Types", "MG.Types\MG.Types.csproj", "{335FE511-BAA3-4CE2-8998-65FD97298168}"
EndProject
Global
	GlobalSection(SolutionConfigurationPlatforms) = preSolution
		Debug|Any CPU = Debug|Any CPU
		Release|Any CPU = Release|Any CPU
	EndGlobalSection
	GlobalSection(ProjectConfigurationPlatforms) = postSolution
		{D105EF59-5BD0-4E7A-8318-1A17710A492F}.Debug|Any CPU.ActiveCfg = Debug|Any CPU
		{D105EF59-5BD0-4E7A-8318-1A17710A492F}.Debug|Any CPU.Build.0 = Debug|Any CPU
		{D105EF59-5BD0-4E7A-8318-1A17710A492F}.Release|Any CPU.ActiveCfg = Release|Any CPU
		{D105EF59-5BD0-4E7A-8318-1A17710A492F}.Release|Any CPU.Build.0 = Release|Any CPU
		{1E7CCBEB-7559-48DE-9EA3-5FA2B7FFDFA8}.Debug|Any CPU.ActiveCfg = Debug|Any CPU
		{1E7CCBEB-7559-48DE-9EA3-5FA2B7FFDFA8}.Debug|Any CPU.Build.0 = Debug|Any CPU
		{1E7CCBEB-7559-48DE-9EA3-5FA2B7FFDFA8}.Release|Any CPU.ActiveCfg = Release|Any CPU
		{1E7CCBEB-7559-48DE-9EA3-5FA2B7FFDFA8}.Release|Any CPU.Build.0 = Release|Any CPU
		{335FE511-BAA3-4CE2-8998-65FD97298168}.Debug|Any CPU.ActiveCfg = Debug|Any CPU
		{335FE511-BAA3-4CE2-8998-65FD97298168}.Debug|Any CPU.Build.0 = Debug|Any CPU
		{335FE511-BAA3-4CE2-8998-65FD97298168}.Release|Any CPU.ActiveCfg = Release|Any CPU
		{335FE511-BAA3-4CE2-8998-65FD97298168}.Release|Any CPU.Build.0 = Release|Any CPU
	EndGlobalSection
	GlobalSection(SolutionProperties) = preSolution
		HideSolutionNode = FALSE
	EndGlobalSection
	GlobalSection(ExtensibilityGlobals) = postSolution
		SolutionGuid = {E0294131-F80E-488F-A547-0A034CF3B75F}
	EndGlobalSection
EndGlobal
